<Solution>
  <Folder Name="/src/">
    <Project Path="src/IsTargetSleeping/IsTargetSleeping.csproj" />
    <Project Path="src/IsTargetSleeping.Agent/IsTargetSleeping.Agent.csproj" />
  </Folder>
  <Folder Name="/tests/">
    <Project Path="tests/IsTargetSleeping.Tests/IsTargetSleeping.Tests.csproj" />
    <Project Path="tests/IsTargetSleeping.UiTests/IsTargetSleeping.UiTests.csproj" />
  </Folder>
</Solution>
